
Microsoft Visual Studio Solution File, Format Version 12.00
# Visual Studio Version 16
VisualStudioVersion = 25.0.1703.2
MinimumVisualStudioVersion = 10.0.40219.1
Project("{FAE04EC0-301F-11D3-BF4B-00C04F79EFBC}") = "SimpleKanbanBoard", "SimpleKanbanBoard.csproj", "{13E6CC17-C1C4-4356-892C-9AEE061E1E86}"
EndProject
Global
	GlobalSection(SolutionConfigurationPlatforms) = preSolution
		Debug|Any CPU = Debug|Any CPU
		Release|Any CPU = Release|Any CPU
	EndGlobalSection
	GlobalSection(ProjectConfigurationPlatforms) = postSolution
		{13E6CC17-C1C4-4356-892C-9AEE061E1E86}.Debug|Any CPU.ActiveCfg = Debug|Any CPU
		{13E6CC17-C1C4-4356-892C-9AEE061E1E86}.Debug|Any CPU.Build.0 = Debug|Any CPU
		{13E6CC17-C1C4-4356-892C-9AEE061E1E86}.Release|Any CPU.ActiveCfg = Release|Any CPU
		{13E6CC17-C1C4-4356-892C-9AEE061E1E86}.Release|Any CPU.Build.0 = Release|Any CPU
	EndGlobalSection
	GlobalSection(SolutionProperties) = preSolution
		HideSolutionNode = FALSE
	EndGlobalSection
	GlobalSection(ExtensibilityGlobals) = postSolution
		SolutionGuid = {6AE200DF-8B35-4186-BB6C-9F82D797767B}
	EndGlobalSection
EndGlobal
