
Microsoft Visual Studio Solution File, Format Version 12.00
# Visual Studio Version 16
VisualStudioVersion = 25.0.1703.1
MinimumVisualStudioVersion = 10.0.40219.1
Project("{FAE04EC0-301F-11D3-BF4B-00C04F79EFBC}") = "BlazorWasmAuthentication", "BlazorWasmAuthentication.csproj", "{EEE3666A-623B-4486-934E-5442C9DAE28D}"
EndProject
Global
	GlobalSection(SolutionConfigurationPlatforms) = preSolution
		Debug|Any CPU = Debug|Any CPU
		Release|Any CPU = Release|Any CPU
	EndGlobalSection
	GlobalSection(ProjectConfigurationPlatforms) = postSolution
		{EEE3666A-623B-4486-934E-5442C9DAE28D}.Debug|Any CPU.ActiveCfg = Debug|Any CPU
		{EEE3666A-623B-4486-934E-5442C9DAE28D}.Debug|Any CPU.Build.0 = Debug|Any CPU
		{EEE3666A-623B-4486-934E-5442C9DAE28D}.Release|Any CPU.ActiveCfg = Release|Any CPU
		{EEE3666A-623B-4486-934E-5442C9DAE28D}.Release|Any CPU.Build.0 = Release|Any CPU
	EndGlobalSection
	GlobalSection(SolutionProperties) = preSolution
		HideSolutionNode = FALSE
	EndGlobalSection
	GlobalSection(ExtensibilityGlobals) = postSolution
		SolutionGuid = {01482E69-E7AB-425B-B323-64D045084F56}
	EndGlobalSection
EndGlobal
