
Microsoft Visual Studio Solution File, Format Version 12.00
# Visual Studio Version 17
VisualStudioVersion = 17.3.32519.111
MinimumVisualStudioVersion = 10.0.40219.1
Project("{FAE04EC0-301F-11D3-BF4B-00C04F79EFBC}") = "ValidationWithDataAnnotations", "ValidationWithDataAnnotations.csproj", "{D8823FE1-26FE-48A4-B170-49D449686989}"
EndProject
Global
	GlobalSection(SolutionConfigurationPlatforms) = preSolution
		Debug|Any CPU = Debug|Any CPU
		Release|Any CPU = Release|Any CPU
	EndGlobalSection
	GlobalSection(ProjectConfigurationPlatforms) = postSolution
		{D8823FE1-26FE-48A4-B170-49D449686989}.Debug|Any CPU.ActiveCfg = Debug|Any CPU
		{D8823FE1-26FE-48A4-B170-49D449686989}.Debug|Any CPU.Build.0 = Debug|Any CPU
		{D8823FE1-26FE-48A4-B170-49D449686989}.Release|Any CPU.ActiveCfg = Release|Any CPU
		{D8823FE1-26FE-48A4-B170-49D449686989}.Release|Any CPU.Build.0 = Release|Any CPU
	EndGlobalSection
	GlobalSection(SolutionProperties) = preSolution
		HideSolutionNode = FALSE
	EndGlobalSection
	GlobalSection(ExtensibilityGlobals) = postSolution
		SolutionGuid = {14237B71-BEEF-4FB4-B6FA-83753587049E}
	EndGlobalSection
EndGlobal
