
Microsoft Visual Studio Solution File, Format Version 12.00
# Visual Studio Version 17
VisualStudioVersion = 17.3.32728.150
MinimumVisualStudioVersion = 10.0.40219.1
Project("{9A19103F-16F7-4668-BE54-9A1E7A4F7556}") = "LoginPageDemo", "LoginPageDemo.csproj", "{539E4544-745B-43C0-8524-1114DB699643}"
EndProject
Global
	GlobalSection(SolutionConfigurationPlatforms) = preSolution
		Debug|Any CPU = Debug|Any CPU
		Release|Any CPU = Release|Any CPU
	EndGlobalSection
	GlobalSection(ProjectConfigurationPlatforms) = postSolution
		{539E4544-745B-43C0-8524-1114DB699643}.Debug|Any CPU.ActiveCfg = Debug|Any CPU
		{539E4544-745B-43C0-8524-1114DB699643}.Debug|Any CPU.Build.0 = Debug|Any CPU
		{539E4544-745B-43C0-8524-1114DB699643}.Release|Any CPU.ActiveCfg = Release|Any CPU
		{539E4544-745B-43C0-8524-1114DB699643}.Release|Any CPU.Build.0 = Release|Any CPU
	EndGlobalSection
	GlobalSection(SolutionProperties) = preSolution
		HideSolutionNode = FALSE
	EndGlobalSection
	GlobalSection(ExtensibilityGlobals) = postSolution
		SolutionGuid = {42530FAB-C15C-4629-8960-FC6ACBDD69FA}
	EndGlobalSection
EndGlobal
